
Microsoft Visual Studio Solution File, Format Version 12.00
# Visual Studio 15
VisualStudioVersion = 15.0.28307.572
MinimumVisualStudioVersion = 10.0.40219.1
Project("{9A19103F-16F7-4668-BE54-9A1E7A4F7556}") = "Rules", "Rules\Rules.csproj", "{1A7128D4-3D19-438E-9E80-91BD913B47A7}"
EndProject
Project("{9A19103F-16F7-4668-BE54-9A1E7A4F7556}") = "Entities", "Entities\Entities.csproj", "{7D8ED442-4362-4EAA-AA8D-8AB1F2B7845C}"
EndProject
Project("{9A19103F-16F7-4668-BE54-9A1E7A4F7556}") = "RulesTest", "RulesTest\RulesTest.csproj", "{C5E55C63-4E0C-4E2C-9631-09124BD64CD6}"
EndProject
Project("{9A19103F-16F7-4668-BE54-9A1E7A4F7556}") = "Interfaces", "Interfaces\Interfaces.csproj", "{8BFDAA37-4E46-46F6-B254-255E93B76EE0}"
EndProject
Project("{9A19103F-16F7-4668-BE54-9A1E7A4F7556}") = "Repository", "Repository\Repository.csproj", "{D94E0305-428D-47FB-B9CF-9B5967FD3544}"
EndProject
Project("{9A19103F-16F7-4668-BE54-9A1E7A4F7556}") = "DAL", "DAL\DAL.csproj", "{7DC518BC-67A3-4D1E-B25D-456E18794862}"
EndProject
Project("{9A19103F-16F7-4668-BE54-9A1E7A4F7556}") = "Services", "Services\Services.csproj", "{B6A0B331-D96D-4242-A27A-D648FD27A1EB}"
EndProject
Project("{9A19103F-16F7-4668-BE54-9A1E7A4F7556}") = "API", "API\API.csproj", "{2D5B0A86-61CA-45E7-9FA8-E22AB8682CA6}"
EndProject
Project("{FAE04EC0-301F-11D3-BF4B-00C04F79EFBC}") = "Mappers", "Mappers\Mappers.csproj", "{5414BF64-F943-41F3-B3BB-87F0B153A266}"
EndProject
Global
	GlobalSection(SolutionConfigurationPlatforms) = preSolution
		Debug|Any CPU = Debug|Any CPU
		Release|Any CPU = Release|Any CPU
	EndGlobalSection
	GlobalSection(ProjectConfigurationPlatforms) = postSolution
		{1A7128D4-3D19-438E-9E80-91BD913B47A7}.Debug|Any CPU.ActiveCfg = Debug|Any CPU
		{1A7128D4-3D19-438E-9E80-91BD913B47A7}.Debug|Any CPU.Build.0 = Debug|Any CPU
		{1A7128D4-3D19-438E-9E80-91BD913B47A7}.Release|Any CPU.ActiveCfg = Release|Any CPU
		{1A7128D4-3D19-438E-9E80-91BD913B47A7}.Release|Any CPU.Build.0 = Release|Any CPU
		{7D8ED442-4362-4EAA-AA8D-8AB1F2B7845C}.Debug|Any CPU.ActiveCfg = Debug|Any CPU
		{7D8ED442-4362-4EAA-AA8D-8AB1F2B7845C}.Debug|Any CPU.Build.0 = Debug|Any CPU
		{7D8ED442-4362-4EAA-AA8D-8AB1F2B7845C}.Release|Any CPU.ActiveCfg = Release|Any CPU
		{7D8ED442-4362-4EAA-AA8D-8AB1F2B7845C}.Release|Any CPU.Build.0 = Release|Any CPU
		{C5E55C63-4E0C-4E2C-9631-09124BD64CD6}.Debug|Any CPU.ActiveCfg = Debug|Any CPU
		{C5E55C63-4E0C-4E2C-9631-09124BD64CD6}.Debug|Any CPU.Build.0 = Debug|Any CPU
		{C5E55C63-4E0C-4E2C-9631-09124BD64CD6}.Release|Any CPU.ActiveCfg = Release|Any CPU
		{C5E55C63-4E0C-4E2C-9631-09124BD64CD6}.Release|Any CPU.Build.0 = Release|Any CPU
		{8BFDAA37-4E46-46F6-B254-255E93B76EE0}.Debug|Any CPU.ActiveCfg = Debug|Any CPU
		{8BFDAA37-4E46-46F6-B254-255E93B76EE0}.Debug|Any CPU.Build.0 = Debug|Any CPU
		{8BFDAA37-4E46-46F6-B254-255E93B76EE0}.Release|Any CPU.ActiveCfg = Release|Any CPU
		{8BFDAA37-4E46-46F6-B254-255E93B76EE0}.Release|Any CPU.Build.0 = Release|Any CPU
		{D94E0305-428D-47FB-B9CF-9B5967FD3544}.Debug|Any CPU.ActiveCfg = Debug|Any CPU
		{D94E0305-428D-47FB-B9CF-9B5967FD3544}.Debug|Any CPU.Build.0 = Debug|Any CPU
		{D94E0305-428D-47FB-B9CF-9B5967FD3544}.Release|Any CPU.ActiveCfg = Release|Any CPU
		{D94E0305-428D-47FB-B9CF-9B5967FD3544}.Release|Any CPU.Build.0 = Release|Any CPU
		{7DC518BC-67A3-4D1E-B25D-456E18794862}.Debug|Any CPU.ActiveCfg = Debug|Any CPU
		{7DC518BC-67A3-4D1E-B25D-456E18794862}.Debug|Any CPU.Build.0 = Debug|Any CPU
		{7DC518BC-67A3-4D1E-B25D-456E18794862}.Release|Any CPU.ActiveCfg = Release|Any CPU
		{7DC518BC-67A3-4D1E-B25D-456E18794862}.Release|Any CPU.Build.0 = Release|Any CPU
		{B6A0B331-D96D-4242-A27A-D648FD27A1EB}.Debug|Any CPU.ActiveCfg = Debug|Any CPU
		{B6A0B331-D96D-4242-A27A-D648FD27A1EB}.Debug|Any CPU.Build.0 = Debug|Any CPU
		{B6A0B331-D96D-4242-A27A-D648FD27A1EB}.Release|Any CPU.ActiveCfg = Release|Any CPU
		{B6A0B331-D96D-4242-A27A-D648FD27A1EB}.Release|Any CPU.Build.0 = Release|Any CPU
		{2D5B0A86-61CA-45E7-9FA8-E22AB8682CA6}.Debug|Any CPU.ActiveCfg = Debug|Any CPU
		{2D5B0A86-61CA-45E7-9FA8-E22AB8682CA6}.Debug|Any CPU.Build.0 = Debug|Any CPU
		{2D5B0A86-61CA-45E7-9FA8-E22AB8682CA6}.Release|Any CPU.ActiveCfg = Release|Any CPU
		{2D5B0A86-61CA-45E7-9FA8-E22AB8682CA6}.Release|Any CPU.Build.0 = Release|Any CPU
		{5414BF64-F943-41F3-B3BB-87F0B153A266}.Debug|Any CPU.ActiveCfg = Debug|Any CPU
		{5414BF64-F943-41F3-B3BB-87F0B153A266}.Debug|Any CPU.Build.0 = Debug|Any CPU
		{5414BF64-F943-41F3-B3BB-87F0B153A266}.Release|Any CPU.ActiveCfg = Release|Any CPU
		{5414BF64-F943-41F3-B3BB-87F0B153A266}.Release|Any CPU.Build.0 = Release|Any CPU
	EndGlobalSection
	GlobalSection(SolutionProperties) = preSolution
		HideSolutionNode = FALSE
	EndGlobalSection
	GlobalSection(ExtensibilityGlobals) = postSolution
		SolutionGuid = {747A6B07-027F-40B7-B5B0-A77B8122F947}
	EndGlobalSection
EndGlobal
